// !$*UTF8*$!
{
	archiveVersion = 1;
	classes = {
	};
	objectVersion = 46;
	objects = {

/* Begin PBXBuildFile section */
		F06771301E51A41800062C2C /* FriendCycleTableViewController.swift in Sources */ = {isa = PBXBuildFile; fileRef = F067712F1E51A41800062C2C /* FriendCycleTableViewController.swift */; };
		F06771321E51A51400062C2C /* FriendCycleTableViewCell.swift in Sources */ = {isa = PBXBuildFile; fileRef = F06771311E51A51400062C2C /* FriendCycleTableViewCell.swift */; };
		F06771341E51B06100062C2C /* Friend.swift in Sources */ = {isa = PBXBuildFile; fileRef = F06771331E51B06100062C2C /* Friend.swift */; };
		F0701CAE1E24AC34002994CB /* AppDelegate.swift in Sources */ = {isa = PBXBuildFile; fileRef = F0701CAD1E24AC34002994CB /* AppDelegate.swift */; };
		F0701CB01E24AC34002994CB /* ViewController.swift in Sources */ = {isa = PBXBuildFile; fileRef = F0701CAF1E24AC34002994CB /* ViewController.swift */; };
		F0701CB31E24AC34002994CB /* Main.storyboard in Resources */ = {isa = PBXBuildFile; fileRef = F0701CB11E24AC34002994CB /* Main.storyboard */; };
		F0701CB51E24AC34002994CB /* Assets.xcassets in Resources */ = {isa = PBXBuildFile; fileRef = F0701CB41E24AC34002994CB /* Assets.xcassets */; };
		F0701CB81E24AC34002994CB /* LaunchScreen.storyboard in Resources */ = {isa = PBXBuildFile; fileRef = F0701CB61E24AC34002994CB /* LaunchScreen.storyboard */; };
		F0701CC11E24AC57002994CB /* XCache.swift in Sources */ = {isa = PBXBuildFile; fileRef = F0701CC01E24AC57002994CB /* XCache.swift */; };
/* End PBXBuildFile section */

/* Begin PBXFileReference section */
		F067712F1E51A41800062C2C /* FriendCycleTableViewController.swift */ = {isa = PBXFileReference; fileEncoding = 4; lastKnownFileType = sourcecode.swift; path = FriendCycleTableViewController.swift; sourceTree = "<group>"; };
		F06771311E51A51400062C2C /* FriendCycleTableViewCell.swift */ = {isa = PBXFileReference; fileEncoding = 4; lastKnownFileType = sourcecode.swift; path = FriendCycleTableViewCell.swift; sourceTree = "<group>"; };
		F06771331E51B06100062C2C /* Friend.swift */ = {isa = PBXFileReference; fileEncoding = 4; lastKnownFileType = sourcecode.swift; path = Friend.swift; sourceTree = "<group>"; };
		F06771351E51B1DF00062C2C /* MyPlayground.playground */ = {isa = PBXFileReference; lastKnownFileType = file.playground; path = MyPlayground.playground; sourceTree = "<group>"; };
		F0701CAA1E24AC34002994CB /* XCache.app */ = {isa = PBXFileReference; explicitFileType = wrapper.application; includeInIndex = 0; path = XCache.app; sourceTree = BUILT_PRODUCTS_DIR; };
		F0701CAD1E24AC34002994CB /* AppDelegate.swift */ = {isa = PBXFileReference; lastKnownFileType = sourcecode.swift; path = AppDelegate.swift; sourceTree = "<group>"; };
		F0701CAF1E24AC34002994CB /* ViewController.swift */ = {isa = PBXFileReference; lastKnownFileType = sourcecode.swift; path = ViewController.swift; sourceTree = "<group>"; };
		F0701CB21E24AC34002994CB /* Base */ = {isa = PBXFileReference; lastKnownFileType = file.storyboard; name = Base; path = Base.lproj/Main.storyboard; sourceTree = "<group>"; };
		F0701CB41E24AC34002994CB /* Assets.xcassets */ = {isa = PBXFileReference; lastKnownFileType = folder.assetcatalog; path = Assets.xcassets; sourceTree = "<group>"; };
		F0701CB71E24AC34002994CB /* Base */ = {isa = PBXFileReference; lastKnownFileType = file.storyboard; name = Base; path = Base.lproj/LaunchScreen.storyboard; sourceTree = "<group>"; };
		F0701CB91E24AC34002994CB /* Info.plist */ = {isa = PBXFileReference; lastKnownFileType = text.plist.xml; path = Info.plist; sourceTree = "<group>"; };
		F0701CC01E24AC57002994CB /* XCache.swift */ = {isa = PBXFileReference; fileEncoding = 4; lastKnownFileType = sourcecode.swift; path = XCache.swift; sourceTree = "<group>"; };
/* End PBXFileReference section */

/* Begin PBXFrameworksBuildPhase section */
		F0701CA71E24AC34002994CB /* Frameworks */ = {
			isa = PBXFrameworksBuildPhase;
			buildActionMask = 2147483647;
			files = (
			);
			runOnlyForDeploymentPostprocessing = 0;
		};
/* End PBXFrameworksBuildPhase section */

/* Begin PBXGroup section */
		F0701CA11E24AC33002994CB = {
			isa = PBXGroup;
			children = (
				F0701CAC1E24AC34002994CB /* XCache */,
				F0701CAB1E24AC34002994CB /* Products */,
			);
			sourceTree = "<group>";
		};
		F0701CAB1E24AC34002994CB /* Products */ = {
			isa = PBXGroup;
			children = (
				F0701CAA1E24AC34002994CB /* XCache.app */,
			);
			name = Products;
			sourceTree = "<group>";
		};
		F0701CAC1E24AC34002994CB /* XCache */ = {
			isa = PBXGroup;
			children = (
				F0701CBF1E24AC3B002994CB /* XCache */,
				F0701CAD1E24AC34002994CB /* AppDelegate.swift */,
				F0701CAF1E24AC34002994CB /* ViewController.swift */,
				F0701CB11E24AC34002994CB /* Main.storyboard */,
				F06771331E51B06100062C2C /* Friend.swift */,
				F06771311E51A51400062C2C /* FriendCycleTableViewCell.swift */,
				F067712F1E51A41800062C2C /* FriendCycleTableViewController.swift */,
				F06771351E51B1DF00062C2C /* MyPlayground.playground */,
				F0701CB41E24AC34002994CB /* Assets.xcassets */,
				F0701CB61E24AC34002994CB /* LaunchScreen.storyboard */,
				F0701CB91E24AC34002994CB /* Info.plist */,
			);
			path = XCache;
			sourceTree = "<group>";
		};
		F0701CBF1E24AC3B002994CB /* XCache */ = {
			isa = PBXGroup;
			children = (
				F0701CC01E24AC57002994CB /* XCache.swift */,
			);
			name = XCache;
			sourceTree = "<group>";
		};
/* End PBXGroup section */

/* Begin PBXNativeTarget section */
		F0701CA91E24AC34002994CB /* XCache */ = {
			isa = PBXNativeTarget;
			buildConfigurationList = F0701CBC1E24AC34002994CB /* Build configuration list for PBXNativeTarget "XCache" */;
			buildPhases = (
				F0701CA61E24AC34002994CB /* Sources */,
				F0701CA71E24AC34002994CB /* Frameworks */,
				F0701CA81E24AC34002994CB /* Resources */,
			);
			buildRules = (
			);
			dependencies = (
			);
			name = XCache;
			productName = XCache;
			productReference = F0701CAA1E24AC34002994CB /* XCache.app */;
			productType = "com.apple.product-type.application";
		};
/* End PBXNativeTarget section */

/* Begin PBXProject section */
		F0701CA21E24AC33002994CB /* Project object */ = {
			isa = PBXProject;
			attributes = {
				LastSwiftUpdateCheck = 0820;
				LastUpgradeCheck = 0820;
				ORGANIZATIONNAME = gong;
				TargetAttributes = {
					F0701CA91E24AC34002994CB = {
						CreatedOnToolsVersion = 8.2.1;
						DevelopmentTeam = DU95UHVG4W;
						ProvisioningStyle = Automatic;
					};
				};
			};
			buildConfigurationList = F0701CA51E24AC33002994CB /* Build configuration list for PBXProject "XCache" */;
			compatibilityVersion = "Xcode 3.2";
			developmentRegion = English;
			hasScannedForEncodings = 0;
			knownRegions = (
				en,
				Base,
			);
			mainGroup = F0701CA11E24AC33002994CB;
			productRefGroup = F0701CAB1E24AC34002994CB /* Products */;
			projectDirPath = "";
			projectRoot = "";
			targets = (
				F0701CA91E24AC34002994CB /* XCache */,
			);
		};
/* End PBXProject section */

/* Begin PBXResourcesBuildPhase section */
		F0701CA81E24AC34002994CB /* Resources */ = {
			isa = PBXResourcesBuildPhase;
			buildActionMask = 2147483647;
			files = (
				F0701CB81E24AC34002994CB /* LaunchScreen.storyboard in Resources */,
				F0701CB51E24AC34002994CB /* Assets.xcassets in Resources */,
				F0701CB31E24AC34002994CB /* Main.storyboard in Resources */,
			);
			runOnlyForDeploymentPostprocessing = 0;
		};
/* End PBXResourcesBuildPhase section */

/* Begin PBXSourcesBuildPhase section */
		F0701CA61E24AC34002994CB /* Sources */ = {
			isa = PBXSourcesBuildPhase;
			buildActionMask = 2147483647;
			files = (
				F0701CB01E24AC34002994CB /* ViewController.swift in Sources */,
				F0701CC11E24AC57002994CB /* XCache.swift in Sources */,
				F06771301E51A41800062C2C /* FriendCycleTableViewController.swift in Sources */,
				F06771341E51B06100062C2C /* Friend.swift in Sources */,
				F06771321E51A51400062C2C /* FriendCycleTableViewCell.swift in Sources */,
				F0701CAE1E24AC34002994CB /* AppDelegate.swift in Sources */,
			);
			runOnlyForDeploymentPostprocessing = 0;
		};
/* End PBXSourcesBuildPhase section */

/* Begin PBXVariantGroup section */
		F0701CB11E24AC34002994CB /* Main.storyboard */ = {
			isa = PBXVariantGroup;
			children = (
				F0701CB21E24AC34002994CB /* Base */,
			);
			name = Main.storyboard;
			sourceTree = "<group>";
		};
		F0701CB61E24AC34002994CB /* LaunchScreen.storyboard */ = {
			isa = PBXVariantGroup;
			children = (
				F0701CB71E24AC34002994CB /* Base */,
			);
			name = LaunchScreen.storyboard;
			sourceTree = "<group>";
		};
/* End PBXVariantGroup section */

/* Begin XCBuildConfiguration section */
		F0701CBA1E24AC34002994CB /* Debug */ = {
			isa = XCBuildConfiguration;
			buildSettings = {
				ALWAYS_SEARCH_USER_PATHS = NO;
				CLANG_ANALYZER_NONNULL = YES;
				CLANG_CXX_LANGUAGE_STANDARD = "gnu++0x";
				CLANG_CXX_LIBRARY = "libc++";
				CLANG_ENABLE_MODULES = YES;
				CLANG_ENABLE_OBJC_ARC = YES;
				CLANG_WARN_BOOL_CONVERSION = YES;
				CLANG_WARN_CONSTANT_CONVERSION = YES;
				CLANG_WARN_DIRECT_OBJC_ISA_USAGE = YES_ERROR;
				CLANG_WARN_DOCUMENTATION_COMMENTS = YES;
				CLANG_WARN_EMPTY_BODY = YES;
				CLANG_WARN_ENUM_CONVERSION = YES;
				CLANG_WARN_INFINITE_RECURSION = YES;
				CLANG_WARN_INT_CONVERSION = YES;
				CLANG_WARN_OBJC_ROOT_CLASS = YES_ERROR;
				CLANG_WARN_SUSPICIOUS_MOVE = YES;
				CLANG_WARN_UNREACHABLE_CODE = YES;
				CLANG_WARN__DUPLICATE_METHOD_MATCH = YES;
				"CODE_SIGN_IDENTITY[sdk=iphoneos*]" = "iPhone Developer";
				COPY_PHASE_STRIP = NO;
				DEBUG_INFORMATION_FORMAT = dwarf;
				ENABLE_STRICT_OBJC_MSGSEND = YES;
				ENABLE_TESTABILITY = YES;
				GCC_C_LANGUAGE_STANDARD = gnu99;
				GCC_DYNAMIC_NO_PIC = NO;
				GCC_NO_COMMON_BLOCKS = YES;
				GCC_OPTIMIZATION_LEVEL = 0;
				GCC_PREPROCESSOR_DEFINITIONS = (
					"DEBUG=1",
					"$(inherited)",
				);
				GCC_WARN_64_TO_32_BIT_CONVERSION = YES;
				GCC_WARN_ABOUT_RETURN_TYPE = YES_ERROR;
				GCC_WARN_UNDECLARED_SELECTOR = YES;
				GCC_WARN_UNINITIALIZED_AUTOS = YES_AGGRESSIVE;
				GCC_WARN_UNUSED_FUNCTION = YES;
				GCC_WARN_UNUSED_VARIABLE = YES;
				IPHONEOS_DEPLOYMENT_TARGET = 10.2;
				MTL_ENABLE_DEBUG_INFO = YES;
				ONLY_ACTIVE_ARCH = YES;
				SDKROOT = iphoneos;
				SWIFT_ACTIVE_COMPILATION_CONDITIONS = DEBUG;
				SWIFT_OPTIMIZATION_LEVEL = "-Onone";
			};
			name = Debug;
		};
		F0701CBB1E24AC34002994CB /* Release */ = {
			isa = XCBuildConfiguration;
			buildSettings = {
				ALWAYS_SEARCH_USER_PATHS = NO;
				CLANG_ANALYZER_NONNULL = YES;
				CLANG_CXX_LANGUAGE_STANDARD = "gnu++0x";
				CLANG_CXX_LIBRARY = "libc++";
				CLANG_ENABLE_MODULES = YES;
				CLANG_ENABLE_OBJC_ARC = YES;
				CLANG_WARN_BOOL_CONVERSION = YES;
				CLANG_WARN_CONSTANT_CONVERSION = YES;
				CLANG_WARN_DIRECT_OBJC_ISA_USAGE = YES_ERROR;
				CLANG_WARN_DOCUMENTATION_COMMENTS = YES;
				CLANG_WARN_EMPTY_BODY = YES;
				CLANG_WARN_ENUM_CONVERSION = YES;
				CLANG_WARN_INFINITE_RECURSION = YES;
				CLANG_WARN_INT_CONVERSION = YES;
				CLANG_WARN_OBJC_ROOT_CLASS = YES_ERROR;
				CLANG_WARN_SUSPICIOUS_MOVE = YES;
				CLANG_WARN_UNREACHABLE_CODE = YES;
				CLANG_WARN__DUPLICATE_METHOD_MATCH = YES;
				"CODE_SIGN_IDENTITY[sdk=iphoneos*]" = "iPhone Developer";
				COPY_PHASE_STRIP = NO;
				DEBUG_INFORMATION_FORMAT = "dwarf-with-dsym";
				ENABLE_NS_ASSERTIONS = NO;
				ENABLE_STRICT_OBJC_MSGSEND = YES;
				GCC_C_LANGUAGE_STANDARD = gnu99;
				GCC_NO_COMMON_BLOCKS = YES;
				GCC_WARN_64_TO_32_BIT_CONVERSION = YES;
				GCC_WARN_ABOUT_RETURN_TYPE = YES_ERROR;
				GCC_WARN_UNDECLARED_SELECTOR = YES;
				GCC_WARN_UNINITIALIZED_AUTOS = YES_AGGRESSIVE;
				GCC_WARN_UNUSED_FUNCTION = YES;
				GCC_WARN_UNUSED_VARIABLE = YES;
				IPHONEOS_DEPLOYMENT_TARGET = 10.2;
				MTL_ENABLE_DEBUG_INFO = NO;
				SDKROOT = iphoneos;
				SWIFT_OPTIMIZATION_LEVEL = "-Owholemodule";
				VALIDATE_PRODUCT = YES;
			};
			name = Release;
		};
		F0701CBD1E24AC34002994CB /* Debug */ = {
			isa = XCBuildConfiguration;
			buildSettings = {
				ASSETCATALOG_COMPILER_APPICON_NAME = AppIcon;
				DEVELOPMENT_TEAM = DU95UHVG4W;
				INFOPLIST_FILE = XCache/Info.plist;
				LD_RUNPATH_SEARCH_PATHS = "$(inherited) @executable_path/Frameworks";
				PRODUCT_BUNDLE_IDENTIFIER = com.gong.XCache;
				PRODUCT_NAME = "$(TARGET_NAME)";
				SWIFT_VERSION = 3.0;
			};
			name = Debug;
		};
		F0701CBE1E24AC34002994CB /* Release */ = {
			isa = XCBuildConfiguration;
			buildSettings = {
				ASSETCATALOG_COMPILER_APPICON_NAME = AppIcon;
				DEVELOPMENT_TEAM = DU95UHVG4W;
				INFOPLIST_FILE = XCache/Info.plist;
				LD_RUNPATH_SEARCH_PATHS = "$(inherited) @executable_path/Frameworks";
				PRODUCT_BUNDLE_IDENTIFIER = com.gong.XCache;
				PRODUCT_NAME = "$(TARGET_NAME)";
				SWIFT_VERSION = 3.0;
			};
			name = Release;
		};
/* End XCBuildConfiguration section */

/* Begin XCConfigurationList section */
		F0701CA51E24AC33002994CB /* Build configuration list for PBXProject "XCache" */ = {
			isa = XCConfigurationList;
			buildConfigurations = (
				F0701CBA1E24AC34002994CB /* Debug */,
				F0701CBB1E24AC34002994CB /* Release */,
			);
			defaultConfigurationIsVisible = 0;
			defaultConfigurationName = Release;
		};
		F0701CBC1E24AC34002994CB /* Build configuration list for PBXNativeTarget "XCache" */ = {
			isa = XCConfigurationList;
			buildConfigurations = (
				F0701CBD1E24AC34002994CB /* Debug */,
				F0701CBE1E24AC34002994CB /* Release */,
			);
			defaultConfigurationIsVisible = 0;
			defaultConfigurationName = Release;
		};
/* End XCConfigurationList section */
	};
	rootObject = F0701CA21E24AC33002994CB /* Project object */;
}
